
Microsoft Visual Studio Solution File, Format Version 12.00
# Visual Studio 2015
Project("{FAE04EC0-301F-11D3-BF4B-00C04F79EFBC}") = "InvasionVR.CSharp", "InvasionVR.CSharp.csproj", "{DE7147D8-D12A-239A-BF87-4469E5FE5523}"
EndProject
Project("{FAE04EC0-301F-11D3-BF4B-00C04F79EFBC}") = "InvasionVR.CSharp.Editor", "InvasionVR.CSharp.Editor.csproj", "{51A0680C-3FE4-4094-5510-433915A969FA}"
EndProject
Global
	GlobalSection(SolutionConfigurationPlatforms) = preSolution
		Debug|Any CPU = Debug|Any CPU
		Release|Any CPU = Release|Any CPU
	EndGlobalSection
	GlobalSection(ProjectConfigurationPlatforms) = postSolution
		{DE7147D8-D12A-239A-BF87-4469E5FE5523}.Debug|Any CPU.ActiveCfg = Debug|Any CPU
		{DE7147D8-D12A-239A-BF87-4469E5FE5523}.Debug|Any CPU.Build.0 = Debug|Any CPU
		{DE7147D8-D12A-239A-BF87-4469E5FE5523}.Release|Any CPU.ActiveCfg = Release|Any CPU
		{DE7147D8-D12A-239A-BF87-4469E5FE5523}.Release|Any CPU.Build.0 = Release|Any CPU
		{51A0680C-3FE4-4094-5510-433915A969FA}.Debug|Any CPU.ActiveCfg = Debug|Any CPU
		{51A0680C-3FE4-4094-5510-433915A969FA}.Debug|Any CPU.Build.0 = Debug|Any CPU
		{51A0680C-3FE4-4094-5510-433915A969FA}.Release|Any CPU.ActiveCfg = Release|Any CPU
		{51A0680C-3FE4-4094-5510-433915A969FA}.Release|Any CPU.Build.0 = Release|Any CPU
	EndGlobalSection
	GlobalSection(SolutionProperties) = preSolution
		HideSolutionNode = FALSE
	EndGlobalSection
EndGlobal
